
Microsoft Visual Studio Solution File, Format Version 12.00
# Visual Studio Version 17
VisualStudioVersion = 17.8.34511.84
MinimumVisualStudioVersion = 10.0.40219.1
Project("{2150E333-8FDC-42A3-9474-1A3956D46DE8}") = "Backend", "Backend", "{2299AD8F-8CE7-4881-8E41-DF02171B12B1}"
EndProject
Project("{2150E333-8FDC-42A3-9474-1A3956D46DE8}") = "OnionArchLayers", "OnionArchLayers", "{E0BADE40-C394-4299-9781-70E7535DD79F}"
EndProject
Project("{2150E333-8FDC-42A3-9474-1A3956D46DE8}") = "Infrastructure", "Infrastructure", "{879E44C7-8525-4F44-8A66-77EB65EE8B2F}"
EndProject
Project("{FAE04EC0-301F-11D3-BF4B-00C04F79EFBC}") = "Vzeeta.Application", "Vzeeta.Application\Vzeeta.Application.csproj", "{24F3E077-C6DB-41DB-8BC2-E61114D210B6}"
EndProject
Project("{FAE04EC0-301F-11D3-BF4B-00C04F79EFBC}") = "Vzeeta.Context", "Vzeeta.Context\Vzeeta.Context.csproj", "{5C3CE825-BFED-4462-A32F-38867A402FC1}"
EndProject
Project("{FAE04EC0-301F-11D3-BF4B-00C04F79EFBC}") = "Vzeeta.Infrastructure", "Vzeeta.Infrastructure\Vzeeta.Infrastructure.csproj", "{C8919896-9F5B-46D3-A3BA-E6E3DB73EDBF}"
EndProject
Project("{FAE04EC0-301F-11D3-BF4B-00C04F79EFBC}") = "Vzeeta.Dtos", "Vzeeta.Dtos\Vzeeta.Dtos.csproj", "{8A76983B-5144-405C-916E-66C389C136ED}"
EndProject
Project("{FAE04EC0-301F-11D3-BF4B-00C04F79EFBC}") = "Vzeeta.Model", "Vzeeta.Model\Vzeeta.Model.csproj", "{73F1BD4B-0232-44D5-911A-2160C18B8F4B}"
EndProject
Project("{2150E333-8FDC-42A3-9474-1A3956D46DE8}") = "Presentation Layers", "Presentation Layers", "{44823A5C-BF32-4AD3-83EB-17A29D15527B}"
EndProject
Project("{FAE04EC0-301F-11D3-BF4B-00C04F79EFBC}") = "AdminDashBoard", "AdminDashBoard\AdminDashBoard.csproj", "{BEB02455-E29C-420D-A0D4-3BE0705AAD1C}"
EndProject
Project("{FAE04EC0-301F-11D3-BF4B-00C04F79EFBC}") = "VzeetaApi", "VzeetaApi\VzeetaApi.csproj", "{879B7182-E56D-44B7-9FC6-058164D4BA3D}"
EndProject
Global
	GlobalSection(SolutionConfigurationPlatforms) = preSolution
		Debug|Any CPU = Debug|Any CPU
		Release|Any CPU = Release|Any CPU
	EndGlobalSection
	GlobalSection(ProjectConfigurationPlatforms) = postSolution
		{24F3E077-C6DB-41DB-8BC2-E61114D210B6}.Debug|Any CPU.ActiveCfg = Debug|Any CPU
		{24F3E077-C6DB-41DB-8BC2-E61114D210B6}.Debug|Any CPU.Build.0 = Debug|Any CPU
		{24F3E077-C6DB-41DB-8BC2-E61114D210B6}.Release|Any CPU.ActiveCfg = Release|Any CPU
		{24F3E077-C6DB-41DB-8BC2-E61114D210B6}.Release|Any CPU.Build.0 = Release|Any CPU
		{5C3CE825-BFED-4462-A32F-38867A402FC1}.Debug|Any CPU.ActiveCfg = Debug|Any CPU
		{5C3CE825-BFED-4462-A32F-38867A402FC1}.Debug|Any CPU.Build.0 = Debug|Any CPU
		{5C3CE825-BFED-4462-A32F-38867A402FC1}.Release|Any CPU.ActiveCfg = Release|Any CPU
		{5C3CE825-BFED-4462-A32F-38867A402FC1}.Release|Any CPU.Build.0 = Release|Any CPU
		{C8919896-9F5B-46D3-A3BA-E6E3DB73EDBF}.Debug|Any CPU.ActiveCfg = Debug|Any CPU
		{C8919896-9F5B-46D3-A3BA-E6E3DB73EDBF}.Debug|Any CPU.Build.0 = Debug|Any CPU
		{C8919896-9F5B-46D3-A3BA-E6E3DB73EDBF}.Release|Any CPU.ActiveCfg = Release|Any CPU
		{C8919896-9F5B-46D3-A3BA-E6E3DB73EDBF}.Release|Any CPU.Build.0 = Release|Any CPU
		{8A76983B-5144-405C-916E-66C389C136ED}.Debug|Any CPU.ActiveCfg = Debug|Any CPU
		{8A76983B-5144-405C-916E-66C389C136ED}.Debug|Any CPU.Build.0 = Debug|Any CPU
		{8A76983B-5144-405C-916E-66C389C136ED}.Release|Any CPU.ActiveCfg = Release|Any CPU
		{8A76983B-5144-405C-916E-66C389C136ED}.Release|Any CPU.Build.0 = Release|Any CPU
		{73F1BD4B-0232-44D5-911A-2160C18B8F4B}.Debug|Any CPU.ActiveCfg = Debug|Any CPU
		{73F1BD4B-0232-44D5-911A-2160C18B8F4B}.Debug|Any CPU.Build.0 = Debug|Any CPU
		{73F1BD4B-0232-44D5-911A-2160C18B8F4B}.Release|Any CPU.ActiveCfg = Release|Any CPU
		{73F1BD4B-0232-44D5-911A-2160C18B8F4B}.Release|Any CPU.Build.0 = Release|Any CPU
		{BEB02455-E29C-420D-A0D4-3BE0705AAD1C}.Debug|Any CPU.ActiveCfg = Debug|Any CPU
		{BEB02455-E29C-420D-A0D4-3BE0705AAD1C}.Debug|Any CPU.Build.0 = Debug|Any CPU
		{BEB02455-E29C-420D-A0D4-3BE0705AAD1C}.Release|Any CPU.ActiveCfg = Release|Any CPU
		{BEB02455-E29C-420D-A0D4-3BE0705AAD1C}.Release|Any CPU.Build.0 = Release|Any CPU
		{879B7182-E56D-44B7-9FC6-058164D4BA3D}.Debug|Any CPU.ActiveCfg = Debug|Any CPU
		{879B7182-E56D-44B7-9FC6-058164D4BA3D}.Debug|Any CPU.Build.0 = Debug|Any CPU
		{879B7182-E56D-44B7-9FC6-058164D4BA3D}.Release|Any CPU.ActiveCfg = Release|Any CPU
		{879B7182-E56D-44B7-9FC6-058164D4BA3D}.Release|Any CPU.Build.0 = Release|Any CPU
	EndGlobalSection
	GlobalSection(SolutionProperties) = preSolution
		HideSolutionNode = FALSE
	EndGlobalSection
	GlobalSection(NestedProjects) = preSolution
		{E0BADE40-C394-4299-9781-70E7535DD79F} = {2299AD8F-8CE7-4881-8E41-DF02171B12B1}
		{879E44C7-8525-4F44-8A66-77EB65EE8B2F} = {E0BADE40-C394-4299-9781-70E7535DD79F}
		{24F3E077-C6DB-41DB-8BC2-E61114D210B6} = {879E44C7-8525-4F44-8A66-77EB65EE8B2F}
		{5C3CE825-BFED-4462-A32F-38867A402FC1} = {879E44C7-8525-4F44-8A66-77EB65EE8B2F}
		{C8919896-9F5B-46D3-A3BA-E6E3DB73EDBF} = {879E44C7-8525-4F44-8A66-77EB65EE8B2F}
		{8A76983B-5144-405C-916E-66C389C136ED} = {E0BADE40-C394-4299-9781-70E7535DD79F}
		{73F1BD4B-0232-44D5-911A-2160C18B8F4B} = {E0BADE40-C394-4299-9781-70E7535DD79F}
		{44823A5C-BF32-4AD3-83EB-17A29D15527B} = {2299AD8F-8CE7-4881-8E41-DF02171B12B1}
		{BEB02455-E29C-420D-A0D4-3BE0705AAD1C} = {44823A5C-BF32-4AD3-83EB-17A29D15527B}
		{879B7182-E56D-44B7-9FC6-058164D4BA3D} = {44823A5C-BF32-4AD3-83EB-17A29D15527B}
	EndGlobalSection
	GlobalSection(ExtensibilityGlobals) = postSolution
		SolutionGuid = {AD92CAC5-9AD0-409F-BF98-B9D38FFDEF56}
	EndGlobalSection
EndGlobal
